{
  "name": "designsignal-v5-replay",
  "version": "5.0.0",
  "lockfileVersion": 3,
  "requires": true,
  "packages": {
    "": {
      "name": "designsignal-v5-replay",
      "version": "5.0.0",
      "license": "MIT",
      "bin": {
        "designsignal": "bin/designsignal.mjs"
      },
      "engines": {
        "node": ">=24.0.0"
      }
    }
  }
}
